{
  "requires": true,
  "lockfileVersion": 1,
  "dependencies": {
    "sweetalert2": {
      "version": "8.17.6",
      "resolved": "https://registry.npmjs.org/sweetalert2/-/sweetalert2-8.17.6.tgz",
      "integrity": "sha512-5V/zlNr/WXOW+Hmu2Sn0tCzd2+FvjVZv99i0gNYN7dk31VSPYM9mNuF5QUz5OVq49yYMpOV+F2Qslup8nnm4MQ=="
    }
  }
}
